{
  "dependencies": {
    "cheerio": {
      "version": "0.20.0",
      "resolved": "https://registry.npmjs.org/cheerio/-/cheerio-0.20.0.tgz",
      "from": "cheerio@0.20.0",
      "dependencies": {
        "css-select": {
          "version": "1.2.0",
          "resolved": "https://registry.npmjs.org/css-select/-/css-select-1.2.0.tgz",
          "from": "css-select@1.2.0",
          "dependencies": {
            "boolbase": {
              "version": "1.0.0",
              "resolved": "https://registry.npmjs.org/boolbase/-/boolbase-1.0.0.tgz",
              "from": "boolbase@1.0.0"
            },
            "css-what": {
              "version": "2.1.0",
              "resolved": "https://registry.npmjs.org/css-what/-/css-what-2.1.0.tgz",
              "from": "css-what@2.1.0"
            },
            "domutils": {
              "version": "1.5.1",
              "resolved": "https://registry.npmjs.org/domutils/-/domutils-1.5.1.tgz",
              "from": "domutils@1.5.1",
              "dependencies": {
                "domelementtype": {
                  "version": "1.3.0",
                  "resolved": "https://registry.npmjs.org/domelementtype/-/domelementtype-1.3.0.tgz",
                  "from": "domelementtype@1.3.0"
                }
              }
            },
            "nth-check": {
              "version": "1.0.1",
              "resolved": "https://registry.npmjs.org/nth-check/-/nth-check-1.0.1.tgz",
              "from": "nth-check@1.0.1"
            }
          }
        },
        "dom-serializer": {
          "version": "0.1.0",
          "resolved": "https://registry.npmjs.org/dom-serializer/-/dom-serializer-0.1.0.tgz",
          "from": "dom-serializer@0.1.0",
          "dependencies": {
            "domelementtype": {
              "version": "1.1.3",
              "resolved": "https://registry.npmjs.org/domelementtype/-/domelementtype-1.1.3.tgz",
              "from": "domelementtype@1.1.3"
            }
          }
        },
        "entities": {
          "version": "1.1.1",
          "resolved": "https://registry.npmjs.org/entities/-/entities-1.1.1.tgz",
          "from": "entities@1.1.1"
        },
        "htmlparser2": {
          "version": "3.8.3",
          "resolved": "https://registry.npmjs.org/htmlparser2/-/htmlparser2-3.8.3.tgz",
          "from": "htmlparser2@3.8.3",
          "dependencies": {
            "domelementtype": {
              "version": "1.3.0",
              "resolved": "https://registry.npmjs.org/domelementtype/-/domelementtype-1.3.0.tgz",
              "from": "domelementtype@1.3.0"
            },
            "domhandler": {
              "version": "2.3.0",
              "resolved": "https://registry.npmjs.org/domhandler/-/domhandler-2.3.0.tgz",
              "from": "domhandler@2.3.0"
            },
            "domutils": {
              "version": "1.5.1",
              "resolved": "https://registry.npmjs.org/domutils/-/domutils-1.5.1.tgz",
              "from": "domutils@1.5.1"
            },
            "entities": {
              "version": "1.0.0",
              "resolved": "https://registry.npmjs.org/entities/-/entities-1.0.0.tgz",
              "from": "entities@1.0.0"
            },
            "readable-stream": {
              "version": "1.1.13",
              "resolved": "https://registry.npmjs.org/readable-stream/-/readable-stream-1.1.13.tgz",
              "from": "readable-stream@1.1.13",
              "dependencies": {
                "core-util-is": {
                  "version": "1.0.2",
                  "resolved": "https://registry.npmjs.org/core-util-is/-/core-util-is-1.0.2.tgz",
                  "from": "core-util-is@1.0.2"
                },
                "inherits": {
                  "version": "2.0.1",
                  "resolved": "https://registry.npmjs.org/inherits/-/inherits-2.0.1.tgz",
                  "from": "inherits@2.0.1"
                },
                "isarray": {
                  "version": "0.0.1",
                  "resolved": "https://registry.npmjs.org/isarray/-/isarray-0.0.1.tgz",
                  "from": "isarray@0.0.1"
                },
                "string_decoder": {
                  "version": "0.10.31",
                  "resolved": "https://registry.npmjs.org/string_decoder/-/string_decoder-0.10.31.tgz",
                  "from": "string_decoder@0.10.31"
                }
              }
            }
          }
        },
        "lodash": {
          "version": "4.6.1",
          "resolved": "https://registry.npmjs.org/lodash/-/lodash-4.6.1.tgz",
          "from": "lodash@4.6.1"
        }
      }
    },
    "exposify": {
      "version": "0.4.3",
      "resolved": "https://registry.npmjs.org/exposify/-/exposify-0.4.3.tgz",
      "from": "exposify@0.4.3",
      "dependencies": {
        "globo": {
          "version": "1.0.2",
          "resolved": "https://registry.npmjs.org/globo/-/globo-1.0.2.tgz",
          "from": "globo@1.0.2",
          "dependencies": {
            "accessory": {
              "version": "1.0.1",
              "resolved": "https://registry.npmjs.org/accessory/-/accessory-1.0.1.tgz",
              "from": "accessory@1.0.1",
              "dependencies": {
                "dot-parts": {
                  "version": "1.0.1",
                  "resolved": "https://registry.npmjs.org/dot-parts/-/dot-parts-1.0.1.tgz",
                  "from": "dot-parts@1.0.1"
                }
              }
            },
            "is-defined": {
              "version": "1.0.0",
              "resolved": "https://registry.npmjs.org/is-defined/-/is-defined-1.0.0.tgz",
              "from": "is-defined@1.0.0"
            },
            "ternary": {
              "version": "1.0.0",
              "resolved": "https://registry.npmjs.org/ternary/-/ternary-1.0.0.tgz",
              "from": "ternary@1.0.0"
            }
          }
        },
        "has-require": {
          "version": "1.1.0",
          "resolved": "https://registry.npmjs.org/has-require/-/has-require-1.1.0.tgz",
          "from": "has-require@1.1.0"
        },
        "map-obj": {
          "version": "1.0.1",
          "resolved": "https://registry.npmjs.org/map-obj/-/map-obj-1.0.1.tgz",
          "from": "map-obj@1.0.1"
        },
        "replace-requires": {
          "version": "1.0.3",
          "resolved": "https://registry.npmjs.org/replace-requires/-/replace-requires-1.0.3.tgz",
          "from": "replace-requires@1.0.3",
          "dependencies": {
            "detective": {
              "version": "4.1.1",
              "resolved": "https://registry.npmjs.org/detective/-/detective-4.1.1.tgz",
              "from": "detective@4.1.1",
              "dependencies": {
                "acorn": {
                  "version": "1.2.2",
                  "resolved": "https://registry.npmjs.org/acorn/-/acorn-1.2.2.tgz",
                  "from": "acorn@1.2.2"
                },
                "defined": {
                  "version": "1.0.0",
                  "resolved": "https://registry.npmjs.org/defined/-/defined-1.0.0.tgz",
                  "from": "defined@1.0.0"
                },
                "escodegen": {
                  "version": "1.8.0",
                  "resolved": "https://registry.npmjs.org/escodegen/-/escodegen-1.8.0.tgz",
                  "from": "escodegen@1.8.0",
                  "dependencies": {
                    "esprima": {
                      "version": "2.7.2",
                      "resolved": "https://registry.npmjs.org/esprima/-/esprima-2.7.2.tgz",
                      "from": "esprima@2.7.2"
                    },
                    "estraverse": {
                      "version": "1.9.3",
                      "resolved": "https://registry.npmjs.org/estraverse/-/estraverse-1.9.3.tgz",
                      "from": "estraverse@1.9.3"
                    },
                    "esutils": {
                      "version": "2.0.2",
                      "resolved": "https://registry.npmjs.org/esutils/-/esutils-2.0.2.tgz",
                      "from": "esutils@2.0.2"
                    },
                    "optionator": {
                      "version": "0.8.1",
                      "resolved": "https://registry.npmjs.org/optionator/-/optionator-0.8.1.tgz",
                      "from": "optionator@0.8.1",
                      "dependencies": {
                        "deep-is": {
                          "version": "0.1.3",
                          "resolved": "https://registry.npmjs.org/deep-is/-/deep-is-0.1.3.tgz",
                          "from": "deep-is@0.1.3"
                        },
                        "fast-levenshtein": {
                          "version": "1.1.3",
                          "resolved": "https://registry.npmjs.org/fast-levenshtein/-/fast-levenshtein-1.1.3.tgz",
                          "from": "fast-levenshtein@1.1.3"
                        },
                        "levn": {
                          "version": "0.3.0",
                          "resolved": "https://registry.npmjs.org/levn/-/levn-0.3.0.tgz",
                          "from": "levn@0.3.0"
                        },
                        "prelude-ls": {
                          "version": "1.1.2",
                          "resolved": "https://registry.npmjs.org/prelude-ls/-/prelude-ls-1.1.2.tgz",
                          "from": "prelude-ls@1.1.2"
                        },
                        "type-check": {
                          "version": "0.3.2",
                          "resolved": "https://registry.npmjs.org/type-check/-/type-check-0.3.2.tgz",
                          "from": "type-check@0.3.2"
                        },
                        "wordwrap": {
                          "version": "1.0.0",
                          "resolved": "https://registry.npmjs.org/wordwrap/-/wordwrap-1.0.0.tgz",
                          "from": "wordwrap@1.0.0"
                        }
                      }
                    },
                    "source-map": {
                      "version": "0.2.0",
                      "resolved": "https://registry.npmjs.org/source-map/-/source-map-0.2.0.tgz",
                      "from": "source-map@0.2.0",
                      "dependencies": {
                        "amdefine": {
                          "version": "1.0.0",
                          "resolved": "https://registry.npmjs.org/amdefine/-/amdefine-1.0.0.tgz",
                          "from": "amdefine@>=0.0.4"
                        }
                      }
                    }
                  }
                }
              }
            },
            "has-require": {
              "version": "1.2.2",
              "resolved": "https://registry.npmjs.org/has-require/-/has-require-1.2.2.tgz",
              "from": "has-require@1.2.2",
              "dependencies": {
                "escape-string-regexp": {
                  "version": "1.0.5",
                  "resolved": "https://registry.npmjs.org/escape-string-regexp/-/escape-string-regexp-1.0.5.tgz",
                  "from": "escape-string-regexp@1.0.5"
                }
              }
            },
            "patch-text": {
              "version": "1.0.2",
              "resolved": "https://registry.npmjs.org/patch-text/-/patch-text-1.0.2.tgz",
              "from": "patch-text@1.0.2"
            },
            "xtend": {
              "version": "4.0.1",
              "resolved": "https://registry.npmjs.org/xtend/-/xtend-4.0.1.tgz",
              "from": "xtend@4.0.1"
            }
          }
        },
        "through2": {
          "version": "0.4.2",
          "resolved": "https://registry.npmjs.org/through2/-/through2-0.4.2.tgz",
          "from": "through2@0.4.2",
          "dependencies": {
            "readable-stream": {
              "version": "1.0.33",
              "resolved": "https://registry.npmjs.org/readable-stream/-/readable-stream-1.0.33.tgz",
              "from": "readable-stream@1.0.33",
              "dependencies": {
                "core-util-is": {
                  "version": "1.0.2",
                  "resolved": "https://registry.npmjs.org/core-util-is/-/core-util-is-1.0.2.tgz",
                  "from": "core-util-is@1.0.2"
                },
                "inherits": {
                  "version": "2.0.1",
                  "resolved": "https://registry.npmjs.org/inherits/-/inherits-2.0.1.tgz",
                  "from": "inherits@2.0.1"
                },
                "isarray": {
                  "version": "0.0.1",
                  "resolved": "https://registry.npmjs.org/isarray/-/isarray-0.0.1.tgz",
                  "from": "isarray@0.0.1"
                },
                "string_decoder": {
                  "version": "0.10.31",
                  "resolved": "https://registry.npmjs.org/string_decoder/-/string_decoder-0.10.31.tgz",
                  "from": "string_decoder@0.10.31"
                }
              }
            },
            "xtend": {
              "version": "2.1.2",
              "resolved": "https://registry.npmjs.org/xtend/-/xtend-2.1.2.tgz",
              "from": "xtend@2.1.2",
              "dependencies": {
                "object-keys": {
                  "version": "0.4.0",
                  "resolved": "https://registry.npmjs.org/object-keys/-/object-keys-0.4.0.tgz",
                  "from": "object-keys@0.4.0"
                }
              }
            }
          }
        },
        "transformify": {
          "version": "0.1.2",
          "resolved": "https://registry.npmjs.org/transformify/-/transformify-0.1.2.tgz",
          "from": "transformify@0.1.2",
          "dependencies": {
            "readable-stream": {
              "version": "1.1.13",
              "resolved": "https://registry.npmjs.org/readable-stream/-/readable-stream-1.1.13.tgz",
              "from": "readable-stream@1.1.13",
              "dependencies": {
                "core-util-is": {
                  "version": "1.0.2",
                  "resolved": "https://registry.npmjs.org/core-util-is/-/core-util-is-1.0.2.tgz",
                  "from": "core-util-is@1.0.2"
                },
                "inherits": {
                  "version": "2.0.1",
                  "resolved": "https://registry.npmjs.org/inherits/-/inherits-2.0.1.tgz",
                  "from": "inherits@2.0.1"
                },
                "isarray": {
                  "version": "0.0.1",
                  "resolved": "https://registry.npmjs.org/isarray/-/isarray-0.0.1.tgz",
                  "from": "isarray@0.0.1"
                },
                "string_decoder": {
                  "version": "0.10.31",
                  "resolved": "https://registry.npmjs.org/string_decoder/-/string_decoder-0.10.31.tgz",
                  "from": "string_decoder@0.10.31"
                }
              }
            }
          }
        }
      }
    },
    "react": {
      "version": "0.14.7",
      "resolved": "https://registry.npmjs.org/react/-/react-0.14.7.tgz",
      "from": "react@>=0.14.0 <0.15.0",
      "dependencies": {
        "envify": {
          "version": "3.4.0",
          "resolved": "https://registry.npmjs.org/envify/-/envify-3.4.0.tgz",
          "from": "envify@>=3.0.0 <4.0.0",
          "dependencies": {
            "jstransform": {
              "version": "10.1.0",
              "resolved": "https://registry.npmjs.org/jstransform/-/jstransform-10.1.0.tgz",
              "from": "jstransform@>=10.0.1 <11.0.0",
              "dependencies": {
                "base62": {
                  "version": "0.1.1",
                  "resolved": "https://registry.npmjs.org/base62/-/base62-0.1.1.tgz",
                  "from": "base62@0.1.1"
                },
                "esprima-fb": {
                  "version": "13001.1001.0-dev-harmony-fb",
                  "resolved": "https://registry.npmjs.org/esprima-fb/-/esprima-fb-13001.1001.0-dev-harmony-fb.tgz",
                  "from": "esprima-fb@13001.1001.0-dev-harmony-fb"
                },
                "source-map": {
                  "version": "0.1.31",
                  "resolved": "https://registry.npmjs.org/source-map/-/source-map-0.1.31.tgz",
                  "from": "source-map@0.1.31",
                  "dependencies": {
                    "amdefine": {
                      "version": "1.0.0",
                      "resolved": "https://registry.npmjs.org/amdefine/-/amdefine-1.0.0.tgz",
                      "from": "amdefine@>=0.0.4"
                    }
                  }
                }
              }
            },
            "through": {
              "version": "2.3.8",
              "resolved": "https://registry.npmjs.org/through/-/through-2.3.8.tgz",
              "from": "through@>=2.3.4 <2.4.0"
            }
          }
        },
        "fbjs": {
          "version": "0.6.1",
          "resolved": "https://registry.npmjs.org/fbjs/-/fbjs-0.6.1.tgz",
          "from": "fbjs@>=0.6.1 <0.7.0",
          "dependencies": {
            "core-js": {
              "version": "1.2.6",
              "resolved": "https://registry.npmjs.org/core-js/-/core-js-1.2.6.tgz",
              "from": "core-js@>=1.0.0 <2.0.0"
            },
            "loose-envify": {
              "version": "1.1.0",
              "resolved": "https://registry.npmjs.org/loose-envify/-/loose-envify-1.1.0.tgz",
              "from": "loose-envify@>=1.0.0 <2.0.0",
              "dependencies": {
                "js-tokens": {
                  "version": "1.0.3",
                  "resolved": "https://registry.npmjs.org/js-tokens/-/js-tokens-1.0.3.tgz",
                  "from": "js-tokens@>=1.0.1 <2.0.0"
                }
              }
            },
            "promise": {
              "version": "7.1.1",
              "resolved": "https://registry.npmjs.org/promise/-/promise-7.1.1.tgz",
              "from": "promise@>=7.0.3 <8.0.0",
              "dependencies": {
                "asap": {
                  "version": "2.0.3",
                  "resolved": "https://registry.npmjs.org/asap/-/asap-2.0.3.tgz",
                  "from": "asap@>=2.0.3 <2.1.0"
                }
              }
            },
            "ua-parser-js": {
              "version": "0.7.10",
              "resolved": "https://registry.npmjs.org/ua-parser-js/-/ua-parser-js-0.7.10.tgz",
              "from": "ua-parser-js@>=0.7.9 <0.8.0"
            },
            "whatwg-fetch": {
              "version": "0.9.0",
              "resolved": "https://registry.npmjs.org/whatwg-fetch/-/whatwg-fetch-0.9.0.tgz",
              "from": "whatwg-fetch@>=0.9.0 <0.10.0"
            }
          }
        }
      }
    },
    "react-blink": {
      "version": "1.0.3",
      "resolved": "https://registry.npmjs.org/react-blink/-/react-blink-1.0.3.tgz",
      "from": "react-blink@1.0.3",
      "dependencies": {
        "blacklist": {
          "version": "1.1.2",
          "resolved": "https://registry.npmjs.org/blacklist/-/blacklist-1.1.2.tgz",
          "from": "blacklist@1.1.2"
        },
        "react": {
          "version": "0.13.3",
          "resolved": "https://registry.npmjs.org/react/-/react-0.13.3.tgz",
          "from": "react@0.13.3",
          "dependencies": {
            "envify": {
              "version": "3.4.0",
              "resolved": "https://registry.npmjs.org/envify/-/envify-3.4.0.tgz",
              "from": "envify@3.4.0",
              "dependencies": {
                "jstransform": {
                  "version": "10.1.0",
                  "resolved": "https://registry.npmjs.org/jstransform/-/jstransform-10.1.0.tgz",
                  "from": "jstransform@10.1.0",
                  "dependencies": {
                    "base62": {
                      "version": "0.1.1",
                      "resolved": "https://registry.npmjs.org/base62/-/base62-0.1.1.tgz",
                      "from": "base62@0.1.1"
                    },
                    "esprima-fb": {
                      "version": "13001.1001.0-dev-harmony-fb",
                      "resolved": "https://registry.npmjs.org/esprima-fb/-/esprima-fb-13001.1001.0-dev-harmony-fb.tgz",
                      "from": "esprima-fb@13001.1001.0-dev-harmony-fb"
                    },
                    "source-map": {
                      "version": "0.1.31",
                      "resolved": "https://registry.npmjs.org/source-map/-/source-map-0.1.31.tgz",
                      "from": "source-map@0.1.31",
                      "dependencies": {
                        "amdefine": {
                          "version": "1.0.0",
                          "resolved": "https://registry.npmjs.org/amdefine/-/amdefine-1.0.0.tgz",
                          "from": "amdefine@1.0.0"
                        }
                      }
                    }
                  }
                },
                "through": {
                  "version": "2.3.8",
                  "resolved": "https://registry.npmjs.org/through/-/through-2.3.8.tgz",
                  "from": "through@2.3.8"
                }
              }
            }
          }
        }
      }
    },
    "react-dom": {
      "version": "0.14.7",
      "resolved": "https://registry.npmjs.org/react-dom/-/react-dom-0.14.7.tgz",
      "from": "react-dom@>=0.14.0 <0.15.0"
    },
    "react-motion": {
      "version": "0.4.2",
      "resolved": "https://registry.npmjs.org/react-motion/-/react-motion-0.4.2.tgz",
      "from": "react-motion@>=0.4.0 <0.5.0",
      "dependencies": {
        "performance-now": {
          "version": "0.2.0",
          "resolved": "https://registry.npmjs.org/performance-now/-/performance-now-0.2.0.tgz",
          "from": "performance-now@>=0.2.0 <0.3.0"
        },
        "raf": {
          "version": "3.2.0",
          "resolved": "https://registry.npmjs.org/raf/-/raf-3.2.0.tgz",
          "from": "raf@>=3.1.0 <4.0.0"
        }
      }
    },
    "react-router": {
      "version": "2.0.1",
      "resolved": "https://registry.npmjs.org/react-router/-/react-router-2.0.1.tgz",
      "from": "react-router@2.0.1",
      "dependencies": {
        "history": {
          "version": "2.0.1",
          "resolved": "https://registry.npmjs.org/history/-/history-2.0.1.tgz",
          "from": "history@2.0.1",
          "dependencies": {
            "deep-equal": {
              "version": "1.0.1",
              "resolved": "https://registry.npmjs.org/deep-equal/-/deep-equal-1.0.1.tgz",
              "from": "deep-equal@1.0.1"
            },
            "query-string": {
              "version": "3.0.3",
              "resolved": "https://registry.npmjs.org/query-string/-/query-string-3.0.3.tgz",
              "from": "query-string@3.0.3",
              "dependencies": {
                "strict-uri-encode": {
                  "version": "1.1.0",
                  "resolved": "https://registry.npmjs.org/strict-uri-encode/-/strict-uri-encode-1.1.0.tgz",
                  "from": "strict-uri-encode@1.1.0"
                }
              }
            }
          }
        },
        "invariant": {
          "version": "2.2.1",
          "resolved": "https://registry.npmjs.org/invariant/-/invariant-2.2.1.tgz",
          "from": "invariant@2.2.1",
          "dependencies": {
            "loose-envify": {
              "version": "1.1.0",
              "resolved": "https://registry.npmjs.org/loose-envify/-/loose-envify-1.1.0.tgz",
              "from": "loose-envify@1.1.0",
              "dependencies": {
                "js-tokens": {
                  "version": "1.0.3",
                  "resolved": "https://registry.npmjs.org/js-tokens/-/js-tokens-1.0.3.tgz",
                  "from": "js-tokens@1.0.3"
                }
              }
            }
          }
        },
        "warning": {
          "version": "2.1.0",
          "resolved": "https://registry.npmjs.org/warning/-/warning-2.1.0.tgz",
          "from": "warning@2.1.0",
          "dependencies": {
            "loose-envify": {
              "version": "1.1.0",
              "resolved": "https://registry.npmjs.org/loose-envify/-/loose-envify-1.1.0.tgz",
              "from": "loose-envify@1.1.0",
              "dependencies": {
                "js-tokens": {
                  "version": "1.0.3",
                  "resolved": "https://registry.npmjs.org/js-tokens/-/js-tokens-1.0.3.tgz",
                  "from": "js-tokens@1.0.3"
                }
              }
            }
          }
        }
      }
    },
    "react-swipeable-views": {
      "version": "0.4.7",
      "resolved": "https://registry.npmjs.org/react-swipeable-views/-/react-swipeable-views-0.4.7.tgz",
      "from": "react-swipeable-views@0.4.7"
    }
  }
}
